
Microsoft Visual Studio Solution File, Format Version 12.00
# Visual Studio Version 16
VisualStudioVersion = 16.0.32228.343
MinimumVisualStudioVersion = 10.0.40219.1
Project("{FAE04EC0-301F-11D3-BF4B-00C04F79EFBC}") = "ListVeiwDemo", "ListVeiwDemo\ListVeiwDemo.csproj", "{4EE7C948-0B8F-4D58-9A20-2178C7662C42}"
EndProject
Project("{FAE04EC0-301F-11D3-BF4B-00C04F79EFBC}") = "DirectoryDemo", "DirectoryDemo\DirectoryDemo.csproj", "{46923D23-C152-44C1-9953-B90911BB6A71}"
EndProject
Global
	GlobalSection(SolutionConfigurationPlatforms) = preSolution
		Debug|Any CPU = Debug|Any CPU
		Release|Any CPU = Release|Any CPU
	EndGlobalSection
	GlobalSection(ProjectConfigurationPlatforms) = postSolution
		{4EE7C948-0B8F-4D58-9A20-2178C7662C42}.Debug|Any CPU.ActiveCfg = Debug|Any CPU
		{4EE7C948-0B8F-4D58-9A20-2178C7662C42}.Debug|Any CPU.Build.0 = Debug|Any CPU
		{4EE7C948-0B8F-4D58-9A20-2178C7662C42}.Release|Any CPU.ActiveCfg = Release|Any CPU
		{4EE7C948-0B8F-4D58-9A20-2178C7662C42}.Release|Any CPU.Build.0 = Release|Any CPU
		{46923D23-C152-44C1-9953-B90911BB6A71}.Debug|Any CPU.ActiveCfg = Debug|Any CPU
		{46923D23-C152-44C1-9953-B90911BB6A71}.Debug|Any CPU.Build.0 = Debug|Any CPU
		{46923D23-C152-44C1-9953-B90911BB6A71}.Release|Any CPU.ActiveCfg = Release|Any CPU
		{46923D23-C152-44C1-9953-B90911BB6A71}.Release|Any CPU.Build.0 = Release|Any CPU
	EndGlobalSection
	GlobalSection(SolutionProperties) = preSolution
		HideSolutionNode = FALSE
	EndGlobalSection
	GlobalSection(ExtensibilityGlobals) = postSolution
		SolutionGuid = {EE78059A-A9A2-4317-85CA-139D71A5E20D}
	EndGlobalSection
EndGlobal
